
Microsoft Visual Studio Solution File, Format Version 12.00
# Visual Studio 2017
Project("{FAE04EC0-301F-11D3-BF4B-00C04F79EFBC}") = "ContrarioUnity", "ContrarioUnity.csproj", "{EEE1A091-7901-27DA-A8D0-950DF8D963D3}"
EndProject
Project("{FAE04EC0-301F-11D3-BF4B-00C04F79EFBC}") = "ContrarioUnity.Editor", "ContrarioUnity.Editor.csproj", "{0BB5A753-041E-F17B-C949-AC0FDCDC243D}"
EndProject
Global
	GlobalSection(SolutionConfigurationPlatforms) = preSolution
		Debug|Any CPU = Debug|Any CPU
		Release|Any CPU = Release|Any CPU
	EndGlobalSection
	GlobalSection(ProjectConfigurationPlatforms) = postSolution
		{EEE1A091-7901-27DA-A8D0-950DF8D963D3}.Debug|Any CPU.ActiveCfg = Debug|Any CPU
		{EEE1A091-7901-27DA-A8D0-950DF8D963D3}.Debug|Any CPU.Build.0 = Debug|Any CPU
		{EEE1A091-7901-27DA-A8D0-950DF8D963D3}.Release|Any CPU.ActiveCfg = Release|Any CPU
		{EEE1A091-7901-27DA-A8D0-950DF8D963D3}.Release|Any CPU.Build.0 = Release|Any CPU
		{0BB5A753-041E-F17B-C949-AC0FDCDC243D}.Debug|Any CPU.ActiveCfg = Debug|Any CPU
		{0BB5A753-041E-F17B-C949-AC0FDCDC243D}.Debug|Any CPU.Build.0 = Debug|Any CPU
		{0BB5A753-041E-F17B-C949-AC0FDCDC243D}.Release|Any CPU.ActiveCfg = Release|Any CPU
		{0BB5A753-041E-F17B-C949-AC0FDCDC243D}.Release|Any CPU.Build.0 = Release|Any CPU
	EndGlobalSection
	GlobalSection(SolutionProperties) = preSolution
		HideSolutionNode = FALSE
	EndGlobalSection
EndGlobal
